
Microsoft Visual Studio Solution File, Format Version 12.00
# Visual Studio Version 17
VisualStudioVersion = 17.9.34714.143
MinimumVisualStudioVersion = 10.0.40219.1
Project("{FAE04EC0-301F-11D3-BF4B-00C04F79EFBC}") = "WinFormsAppAlgoritmo", "WinFormsAppAlgoritmo.csproj", "{BEAD0FDB-91F7-4612-8B09-889533B4AB76}"
EndProject
Global
	GlobalSection(SolutionConfigurationPlatforms) = preSolution
		Debug|Any CPU = Debug|Any CPU
		Release|Any CPU = Release|Any CPU
	EndGlobalSection
	GlobalSection(ProjectConfigurationPlatforms) = postSolution
		{BEAD0FDB-91F7-4612-8B09-889533B4AB76}.Debug|Any CPU.ActiveCfg = Debug|Any CPU
		{BEAD0FDB-91F7-4612-8B09-889533B4AB76}.Debug|Any CPU.Build.0 = Debug|Any CPU
		{BEAD0FDB-91F7-4612-8B09-889533B4AB76}.Release|Any CPU.ActiveCfg = Release|Any CPU
		{BEAD0FDB-91F7-4612-8B09-889533B4AB76}.Release|Any CPU.Build.0 = Release|Any CPU
	EndGlobalSection
	GlobalSection(SolutionProperties) = preSolution
		HideSolutionNode = FALSE
	EndGlobalSection
	GlobalSection(ExtensibilityGlobals) = postSolution
		SolutionGuid = {538343F3-4503-4A78-AFDD-6D305CA10721}
	EndGlobalSection
EndGlobal
